// !$*UTF8*$!
{
	archiveVersion = 1;
	classes = {
	};
	objectVersion = 77;
	objects = {

/* Begin PBXBuildFile section */
		2176B8B62D928B7000FFF6C1 /* Preview Assets.xcassets in Resources */ = {isa = PBXBuildFile; fileRef = 2176B8B02D928B7000FFF6C1 /* Preview Assets.xcassets */; };
		2176B8B72D928B7000FFF6C1 /* Assets.xcassets in Resources */ = {isa = PBXBuildFile; fileRef = 2176B8B32D928B7000FFF6C1 /* Assets.xcassets */; };
		2176B8B82D928B7000FFF6C1 /* AppLearnLanguageApp.swift in Sources */ = {isa = PBXBuildFile; fileRef = 2176B8B22D928B7000FFF6C1 /* AppLearnLanguageApp.swift */; };
		2176B8B92D928B7000FFF6C1 /* OnboardingView.swift in Sources */ = {isa = PBXBuildFile; fileRef = 2176B8B42D928B7000FFF6C1 /* OnboardingView.swift */; };
		2176B8D32D92AD0B00FFF6C1 /* Constants.swift in Sources */ = {isa = PBXBuildFile; fileRef = 2176B8D22D92AD0B00FFF6C1 /* Constants.swift */; };
		2176B8D82D92AE0E00FFF6C1 /* OnboardingViewModel.swift in Sources */ = {isa = PBXBuildFile; fileRef = 2176B8D72D92AE0E00FFF6C1 /* OnboardingViewModel.swift */; };
		2176B8FB2D92B3A700FFF6C1 /* Fredoka-Medium.ttf in Resources */ = {isa = PBXBuildFile; fileRef = 2176B8F82D92B3A700FFF6C1 /* Fredoka-Medium.ttf */; };
		2176B9052D92B3A700FFF6C1 /* Fredoka-Light.ttf in Resources */ = {isa = PBXBuildFile; fileRef = 2176B8F72D92B3A700FFF6C1 /* Fredoka-Light.ttf */; };
		2176B9072D92B3A700FFF6C1 /* Fredoka-Bold.ttf in Resources */ = {isa = PBXBuildFile; fileRef = 2176B8F62D92B3A700FFF6C1 /* Fredoka-Bold.ttf */; };
		2176B9082D92B3A700FFF6C1 /* Fredoka-Regular.ttf in Resources */ = {isa = PBXBuildFile; fileRef = 2176B8F92D92B3A700FFF6C1 /* Fredoka-Regular.ttf */; };
		2176B9092D92B3A700FFF6C1 /* Fredoka-SemiBold.ttf in Resources */ = {isa = PBXBuildFile; fileRef = 2176B8FA2D92B3A700FFF6C1 /* Fredoka-SemiBold.ttf */; };
		2176B9172D92B41300FFF6C1 /* View.swift in Sources */ = {isa = PBXBuildFile; fileRef = 2176B9162D92B41300FFF6C1 /* View.swift */; };
		2176B91C2D92B72A00FFF6C1 /* MainButtonStyle.swift in Sources */ = {isa = PBXBuildFile; fileRef = 2176B91B2D92B72A00FFF6C1 /* MainButtonStyle.swift */; };
		2176B91E2D92B9DE00FFF6C1 /* StepView.swift in Sources */ = {isa = PBXBuildFile; fileRef = 2176B91D2D92B9DE00FFF6C1 /* StepView.swift */; };
		2176B9202D92BE5000FFF6C1 /* UserKey.swift in Sources */ = {isa = PBXBuildFile; fileRef = 2176B91F2D92BE5000FFF6C1 /* UserKey.swift */; };
		21A4915E2D940B150049BD16 /* Localizable.strings in Resources */ = {isa = PBXBuildFile; fileRef = 21A4915C2D940B150049BD16 /* Localizable.strings */; };
		21A491642D9416830049BD16 /* LoginView.swift in Sources */ = {isa = PBXBuildFile; fileRef = 21A491632D9416830049BD16 /* LoginView.swift */; };
		21A491682D9416C10049BD16 /* SignupView.swift in Sources */ = {isa = PBXBuildFile; fileRef = 21A491652D9416C10049BD16 /* SignupView.swift */; };
		21D28F952D92FFEC00503022 /* SelectLanguageView.swift in Sources */ = {isa = PBXBuildFile; fileRef = 21D28F942D92FFEC00503022 /* SelectLanguageView.swift */; };
		21D28F982D93003800503022 /* HeaderView.swift in Sources */ = {isa = PBXBuildFile; fileRef = 21D28F972D93003800503022 /* HeaderView.swift */; };
		21D28F9A2D9309FB00503022 /* Language.swift in Sources */ = {isa = PBXBuildFile; fileRef = 21D28F992D9309FB00503022 /* Language.swift */; };
		21D34D5D2D9336F20025979F /* QueueModel.swift in Sources */ = {isa = PBXBuildFile; fileRef = 21D34D5C2D9336F20025979F /* QueueModel.swift */; };
		21D34D7C2D93DB4D0025979F /* WordGameView.swift in Sources */ = {isa = PBXBuildFile; fileRef = 21D34D7B2D93DB4D0025979F /* WordGameView.swift */; };
		21D34D802D93E00B0025979F /* LanguageViewModel.swift in Sources */ = {isa = PBXBuildFile; fileRef = 21D34D7F2D93E00B0025979F /* LanguageViewModel.swift */; };
		21F99D382D9435C20082DD2D /* CustomTextField.swift in Sources */ = {isa = PBXBuildFile; fileRef = 21F99D372D9435C20082DD2D /* CustomTextField.swift */; };
		21F99D3D2D943DFF0082DD2D /* PasswordView.swift in Sources */ = {isa = PBXBuildFile; fileRef = 21F99D3C2D943DFF0082DD2D /* PasswordView.swift */; };
		21F99D3F2D943E5E0082DD2D /* SignViewModel.swift in Sources */ = {isa = PBXBuildFile; fileRef = 21F99D3E2D943E5E0082DD2D /* SignViewModel.swift */; };
		21F99D412D9443310082DD2D /* PDFKitView.swift in Sources */ = {isa = PBXBuildFile; fileRef = 21F99D402D9443310082DD2D /* PDFKitView.swift */; };
		21F99D442D94481D0082DD2D /* Alamofire in Frameworks */ = {isa = PBXBuildFile; productRef = 21F99D432D94481D0082DD2D /* Alamofire */; };
		21F99D482D9463880082DD2D /* ProfileView.swift in Sources */ = {isa = PBXBuildFile; fileRef = 21F99D472D9463880082DD2D /* ProfileView.swift */; };
		21F99D4B2D9521810082DD2D /* NetworkModel.swift in Sources */ = {isa = PBXBuildFile; fileRef = 21F99D4A2D9521810082DD2D /* NetworkModel.swift */; };
		21F99D4D2D9526B30082DD2D /* NetworkModifier.swift in Sources */ = {isa = PBXBuildFile; fileRef = 21F99D4C2D9526B30082DD2D /* NetworkModifier.swift */; };
		21F99D4F2D952E520082DD2D /* NetworkView.swift in Sources */ = {isa = PBXBuildFile; fileRef = 21F99D4E2D952E520082DD2D /* NetworkView.swift */; };
/* End PBXBuildFile section */

/* Begin PBXContainerItemProxy section */
		2176B9292D92C19500FFF6C1 /* PBXContainerItemProxy */ = {
			isa = PBXContainerItemProxy;
			containerPortal = 2176B8972D928B6900FFF6C1 /* Project object */;
			proxyType = 1;
			remoteGlobalIDString = 2176B89E2D928B6900FFF6C1;
			remoteInfo = AppLearnLanguage;
		};
/* End PBXContainerItemProxy section */

/* Begin PBXCopyFilesBuildPhase section */
		21D34D6D2D9338830025979F /* Embed Frameworks */ = {
			isa = PBXCopyFilesBuildPhase;
			buildActionMask = 2147483647;
			dstPath = "";
			dstSubfolderSpec = 10;
			files = (
			);
			name = "Embed Frameworks";
			runOnlyForDeploymentPostprocessing = 0;
		};
/* End PBXCopyFilesBuildPhase section */

/* Begin PBXFileReference section */
		2176B89F2D928B6900FFF6C1 /* AppLearnLanguage.app */ = {isa = PBXFileReference; explicitFileType = wrapper.application; includeInIndex = 0; path = AppLearnLanguage.app; sourceTree = BUILT_PRODUCTS_DIR; };
		2176B8B02D928B7000FFF6C1 /* Preview Assets.xcassets */ = {isa = PBXFileReference; lastKnownFileType = folder.assetcatalog; path = "Preview Assets.xcassets"; sourceTree = "<group>"; };
		2176B8B22D928B7000FFF6C1 /* AppLearnLanguageApp.swift */ = {isa = PBXFileReference; lastKnownFileType = sourcecode.swift; path = AppLearnLanguageApp.swift; sourceTree = "<group>"; };
		2176B8B32D928B7000FFF6C1 /* Assets.xcassets */ = {isa = PBXFileReference; lastKnownFileType = folder.assetcatalog; path = Assets.xcassets; sourceTree = "<group>"; };
		2176B8B42D928B7000FFF6C1 /* OnboardingView.swift */ = {isa = PBXFileReference; lastKnownFileType = sourcecode.swift; path = OnboardingView.swift; sourceTree = "<group>"; };
		2176B8D22D92AD0B00FFF6C1 /* Constants.swift */ = {isa = PBXFileReference; lastKnownFileType = sourcecode.swift; path = Constants.swift; sourceTree = "<group>"; };
		2176B8D72D92AE0E00FFF6C1 /* OnboardingViewModel.swift */ = {isa = PBXFileReference; lastKnownFileType = sourcecode.swift; path = OnboardingViewModel.swift; sourceTree = "<group>"; };
		2176B8F62D92B3A700FFF6C1 /* Fredoka-Bold.ttf */ = {isa = PBXFileReference; lastKnownFileType = file; path = "Fredoka-Bold.ttf"; sourceTree = "<group>"; };
		2176B8F72D92B3A700FFF6C1 /* Fredoka-Light.ttf */ = {isa = PBXFileReference; lastKnownFileType = file; path = "Fredoka-Light.ttf"; sourceTree = "<group>"; };
		2176B8F82D92B3A700FFF6C1 /* Fredoka-Medium.ttf */ = {isa = PBXFileReference; lastKnownFileType = file; path = "Fredoka-Medium.ttf"; sourceTree = "<group>"; };
		2176B8F92D92B3A700FFF6C1 /* Fredoka-Regular.ttf */ = {isa = PBXFileReference; lastKnownFileType = file; path = "Fredoka-Regular.ttf"; sourceTree = "<group>"; };
		2176B8FA2D92B3A700FFF6C1 /* Fredoka-SemiBold.ttf */ = {isa = PBXFileReference; lastKnownFileType = file; path = "Fredoka-SemiBold.ttf"; sourceTree = "<group>"; };
		2176B9142D92B3BF00FFF6C1 /* Info.plist */ = {isa = PBXFileReference; lastKnownFileType = text.plist; path = Info.plist; sourceTree = "<group>"; };
		2176B9162D92B41300FFF6C1 /* View.swift */ = {isa = PBXFileReference; lastKnownFileType = sourcecode.swift; path = View.swift; sourceTree = "<group>"; };
		2176B91B2D92B72A00FFF6C1 /* MainButtonStyle.swift */ = {isa = PBXFileReference; lastKnownFileType = sourcecode.swift; path = MainButtonStyle.swift; sourceTree = "<group>"; };
		2176B91D2D92B9DE00FFF6C1 /* StepView.swift */ = {isa = PBXFileReference; lastKnownFileType = sourcecode.swift; path = StepView.swift; sourceTree = "<group>"; };
		2176B91F2D92BE5000FFF6C1 /* UserKey.swift */ = {isa = PBXFileReference; lastKnownFileType = sourcecode.swift; path = UserKey.swift; sourceTree = "<group>"; };
		2176B9252D92C19500FFF6C1 /* AppLearnLanguageTests.xctest */ = {isa = PBXFileReference; explicitFileType = wrapper.cfbundle; includeInIndex = 0; path = AppLearnLanguageTests.xctest; sourceTree = BUILT_PRODUCTS_DIR; };
		2176B94C2D92C26100FFF6C1 /* AppLearnLanguageTests.swift */ = {isa = PBXFileReference; lastKnownFileType = sourcecode.swift; path = AppLearnLanguageTests.swift; sourceTree = "<group>"; };
		21A4915D2D940B150049BD16 /* en */ = {isa = PBXFileReference; lastKnownFileType = text.plist.strings; name = en; path = en.lproj/Localizable.strings; sourceTree = "<group>"; };
		21A4915F2D940B180049BD16 /* ru */ = {isa = PBXFileReference; lastKnownFileType = text.plist.strings; name = ru; path = ru.lproj/Localizable.strings; sourceTree = "<group>"; };
		21A491632D9416830049BD16 /* LoginView.swift */ = {isa = PBXFileReference; lastKnownFileType = sourcecode.swift; path = LoginView.swift; sourceTree = "<group>"; };
		21A491652D9416C10049BD16 /* SignupView.swift */ = {isa = PBXFileReference; lastKnownFileType = sourcecode.swift; path = SignupView.swift; sourceTree = "<group>"; };
		21D28F942D92FFEC00503022 /* SelectLanguageView.swift */ = {isa = PBXFileReference; lastKnownFileType = sourcecode.swift; path = SelectLanguageView.swift; sourceTree = "<group>"; };
		21D28F972D93003800503022 /* HeaderView.swift */ = {isa = PBXFileReference; lastKnownFileType = sourcecode.swift; path = HeaderView.swift; sourceTree = "<group>"; };
		21D28F992D9309FB00503022 /* Language.swift */ = {isa = PBXFileReference; lastKnownFileType = sourcecode.swift; path = Language.swift; sourceTree = "<group>"; };
		21D34D5C2D9336F20025979F /* QueueModel.swift */ = {isa = PBXFileReference; lastKnownFileType = sourcecode.swift; path = QueueModel.swift; sourceTree = "<group>"; };
		21D34D7B2D93DB4D0025979F /* WordGameView.swift */ = {isa = PBXFileReference; lastKnownFileType = sourcecode.swift; path = WordGameView.swift; sourceTree = "<group>"; };
		21D34D7F2D93E00B0025979F /* LanguageViewModel.swift */ = {isa = PBXFileReference; lastKnownFileType = sourcecode.swift; path = LanguageViewModel.swift; sourceTree = "<group>"; };
		21F99D372D9435C20082DD2D /* CustomTextField.swift */ = {isa = PBXFileReference; lastKnownFileType = sourcecode.swift; path = CustomTextField.swift; sourceTree = "<group>"; };
		21F99D3C2D943DFF0082DD2D /* PasswordView.swift */ = {isa = PBXFileReference; lastKnownFileType = sourcecode.swift; path = PasswordView.swift; sourceTree = "<group>"; };
		21F99D3E2D943E5E0082DD2D /* SignViewModel.swift */ = {isa = PBXFileReference; lastKnownFileType = sourcecode.swift; path = SignViewModel.swift; sourceTree = "<group>"; };
		21F99D402D9443310082DD2D /* PDFKitView.swift */ = {isa = PBXFileReference; lastKnownFileType = sourcecode.swift; path = PDFKitView.swift; sourceTree = "<group>"; };
		21F99D472D9463880082DD2D /* ProfileView.swift */ = {isa = PBXFileReference; lastKnownFileType = sourcecode.swift; path = ProfileView.swift; sourceTree = "<group>"; };
		21F99D4A2D9521810082DD2D /* NetworkModel.swift */ = {isa = PBXFileReference; lastKnownFileType = sourcecode.swift; path = NetworkModel.swift; sourceTree = "<group>"; };
		21F99D4C2D9526B30082DD2D /* NetworkModifier.swift */ = {isa = PBXFileReference; lastKnownFileType = sourcecode.swift; path = NetworkModifier.swift; sourceTree = "<group>"; };
		21F99D4E2D952E520082DD2D /* NetworkView.swift */ = {isa = PBXFileReference; lastKnownFileType = sourcecode.swift; path = NetworkView.swift; sourceTree = "<group>"; };
/* End PBXFileReference section */

/* Begin PBXFrameworksBuildPhase section */
		2176B89C2D928B6900FFF6C1 /* Frameworks */ = {
			isa = PBXFrameworksBuildPhase;
			buildActionMask = 2147483647;
			files = (
				21F99D442D94481D0082DD2D /* Alamofire in Frameworks */,
			);
			runOnlyForDeploymentPostprocessing = 0;
		};
		2176B9222D92C19500FFF6C1 /* Frameworks */ = {
			isa = PBXFrameworksBuildPhase;
			buildActionMask = 2147483647;
			files = (
			);
			runOnlyForDeploymentPostprocessing = 0;
		};
/* End PBXFrameworksBuildPhase section */

/* Begin PBXGroup section */
		2176B8962D928B6900FFF6C1 = {
			isa = PBXGroup;
			children = (
				2176B8B52D928B7000FFF6C1 /* AppLearnLanguage */,
				2176B94D2D92C26100FFF6C1 /* AppLearnLanguageTests */,
				21D34D712D933A4D0025979F /* Frameworks */,
				2176B8A02D928B6900FFF6C1 /* Products */,
			);
			sourceTree = "<group>";
		};
		2176B8A02D928B6900FFF6C1 /* Products */ = {
			isa = PBXGroup;
			children = (
				2176B89F2D928B6900FFF6C1 /* AppLearnLanguage.app */,
				2176B9252D92C19500FFF6C1 /* AppLearnLanguageTests.xctest */,
			);
			name = Products;
			sourceTree = "<group>";
		};
		2176B8B12D928B7000FFF6C1 /* Preview Content */ = {
			isa = PBXGroup;
			children = (
				2176B8B02D928B7000FFF6C1 /* Preview Assets.xcassets */,
			);
			path = "Preview Content";
			sourceTree = "<group>";
		};
		2176B8B52D928B7000FFF6C1 /* AppLearnLanguage */ = {
			isa = PBXGroup;
			children = (
				2176B9142D92B3BF00FFF6C1 /* Info.plist */,
				2176B8B22D928B7000FFF6C1 /* AppLearnLanguageApp.swift */,
				2176B9182D92B6C500FFF6C1 /* Components */,
				2176B9192D92B6D300FFF6C1 /* Core */,
				2176B8B32D928B7000FFF6C1 /* Assets.xcassets */,
				2176B8B12D928B7000FFF6C1 /* Preview Content */,
			);
			path = AppLearnLanguage;
			sourceTree = "<group>";
		};
		2176B8CA2D92AC3300FFF6C1 /* Model */ = {
			isa = PBXGroup;
			children = (
				21F99D492D95216C0082DD2D /* Service */,
				21D34D5C2D9336F20025979F /* QueueModel.swift */,
			);
			path = Model;
			sourceTree = "<group>";
		};
		2176B8CB2D92AC3700FFF6C1 /* View */ = {
			isa = PBXGroup;
			children = (
				21F99D452D9463760082DD2D /* Profile */,
				21A491612D9416700049BD16 /* Login */,
				21A491672D9416C10049BD16 /* Signup */,
				21D34D792D93DB2D0025979F /* WordGame */,
				21D28F912D92FF7100503022 /* SelectLanguage */,
				2176B8D42D92ADE200FFF6C1 /* Onboarding */,
			);
			path = View;
			sourceTree = "<group>";
		};
		2176B8CC2D92AC3800FFF6C1 /* ViewModel */ = {
			isa = PBXGroup;
			children = (
				21F99D3E2D943E5E0082DD2D /* SignViewModel.swift */,
				21F99D402D9443310082DD2D /* PDFKitView.swift */,
			);
			path = ViewModel;
			sourceTree = "<group>";
		};
		2176B8D12D92ACF900FFF6C1 /* Helpers */ = {
			isa = PBXGroup;
			children = (
				2176B8D22D92AD0B00FFF6C1 /* Constants.swift */,
				2176B91F2D92BE5000FFF6C1 /* UserKey.swift */,
			);
			path = Helpers;
			sourceTree = "<group>";
		};
		2176B8D42D92ADE200FFF6C1 /* Onboarding */ = {
			isa = PBXGroup;
			children = (
				2176B8D52D92ADEB00FFF6C1 /* View */,
				2176B8D62D92ADED00FFF6C1 /* ViewModel */,
			);
			path = Onboarding;
			sourceTree = "<group>";
		};
		2176B8D52D92ADEB00FFF6C1 /* View */ = {
			isa = PBXGroup;
			children = (
				2176B8B42D928B7000FFF6C1 /* OnboardingView.swift */,
				2176B91D2D92B9DE00FFF6C1 /* StepView.swift */,
			);
			path = View;
			sourceTree = "<group>";
		};
		2176B8D62D92ADED00FFF6C1 /* ViewModel */ = {
			isa = PBXGroup;
			children = (
				2176B8D72D92AE0E00FFF6C1 /* OnboardingViewModel.swift */,
			);
			path = ViewModel;
			sourceTree = "<group>";
		};
		2176B8D92D92B2FD00FFF6C1 /* Font */ = {
			isa = PBXGroup;
			children = (
				2176B8F62D92B3A700FFF6C1 /* Fredoka-Bold.ttf */,
				2176B8F72D92B3A700FFF6C1 /* Fredoka-Light.ttf */,
				2176B8F82D92B3A700FFF6C1 /* Fredoka-Medium.ttf */,
				2176B8F92D92B3A700FFF6C1 /* Fredoka-Regular.ttf */,
				2176B8FA2D92B3A700FFF6C1 /* Fredoka-SemiBold.ttf */,
			);
			path = Font;
			sourceTree = "<group>";
		};
		2176B9152D92B3FB00FFF6C1 /* Extensions */ = {
			isa = PBXGroup;
			children = (
				2176B9162D92B41300FFF6C1 /* View.swift */,
			);
			path = Extensions;
			sourceTree = "<group>";
		};
		2176B9182D92B6C500FFF6C1 /* Components */ = {
			isa = PBXGroup;
			children = (
				21D28F962D93002900503022 /* Views */,
				2176B91A2D92B6F800FFF6C1 /* Style */,
				2176B9152D92B3FB00FFF6C1 /* Extensions */,
				2176B8D92D92B2FD00FFF6C1 /* Font */,
				2176B8D12D92ACF900FFF6C1 /* Helpers */,
			);
			path = Components;
			sourceTree = "<group>";
		};
		2176B9192D92B6D300FFF6C1 /* Core */ = {
			isa = PBXGroup;
			children = (
				2176B8CA2D92AC3300FFF6C1 /* Model */,
				2176B8CB2D92AC3700FFF6C1 /* View */,
				2176B8CC2D92AC3800FFF6C1 /* ViewModel */,
			);
			path = Core;
			sourceTree = "<group>";
		};
		2176B91A2D92B6F800FFF6C1 /* Style */ = {
			isa = PBXGroup;
			children = (
				2176B91B2D92B72A00FFF6C1 /* MainButtonStyle.swift */,
			);
			path = Style;
			sourceTree = "<group>";
		};
		2176B94D2D92C26100FFF6C1 /* AppLearnLanguageTests */ = {
			isa = PBXGroup;
			children = (
				2176B94C2D92C26100FFF6C1 /* AppLearnLanguageTests.swift */,
			);
			path = AppLearnLanguageTests;
			sourceTree = "<group>";
		};
		21A491612D9416700049BD16 /* Login */ = {
			isa = PBXGroup;
			children = (
				21A491622D9416770049BD16 /* View */,
			);
			path = Login;
			sourceTree = "<group>";
		};
		21A491622D9416770049BD16 /* View */ = {
			isa = PBXGroup;
			children = (
				21A491632D9416830049BD16 /* LoginView.swift */,
			);
			path = View;
			sourceTree = "<group>";
		};
		21A491662D9416C10049BD16 /* View */ = {
			isa = PBXGroup;
			children = (
				21A491652D9416C10049BD16 /* SignupView.swift */,
				21F99D3C2D943DFF0082DD2D /* PasswordView.swift */,
			);
			path = View;
			sourceTree = "<group>";
		};
		21A491672D9416C10049BD16 /* Signup */ = {
			isa = PBXGroup;
			children = (
				21A491662D9416C10049BD16 /* View */,
			);
			path = Signup;
			sourceTree = "<group>";
		};
		21D28F912D92FF7100503022 /* SelectLanguage */ = {
			isa = PBXGroup;
			children = (
				21D28F922D92FF8200503022 /* View */,
				21D28F932D92FF8500503022 /* ViewModel */,
			);
			path = SelectLanguage;
			sourceTree = "<group>";
		};
		21D28F922D92FF8200503022 /* View */ = {
			isa = PBXGroup;
			children = (
				21D28F942D92FFEC00503022 /* SelectLanguageView.swift */,
				21D28F992D9309FB00503022 /* Language.swift */,
			);
			path = View;
			sourceTree = "<group>";
		};
		21D28F932D92FF8500503022 /* ViewModel */ = {
			isa = PBXGroup;
			children = (
				21D34D7F2D93E00B0025979F /* LanguageViewModel.swift */,
				21A4915C2D940B150049BD16 /* Localizable.strings */,
			);
			path = ViewModel;
			sourceTree = "<group>";
		};
		21D28F962D93002900503022 /* Views */ = {
			isa = PBXGroup;
			children = (
				21D28F972D93003800503022 /* HeaderView.swift */,
				21F99D372D9435C20082DD2D /* CustomTextField.swift */,
				21F99D4C2D9526B30082DD2D /* NetworkModifier.swift */,
				21F99D4E2D952E520082DD2D /* NetworkView.swift */,
			);
			path = Views;
			sourceTree = "<group>";
		};
		21D34D712D933A4D0025979F /* Frameworks */ = {
			isa = PBXGroup;
			children = (
			);
			name = Frameworks;
			sourceTree = "<group>";
		};
		21D34D792D93DB2D0025979F /* WordGame */ = {
			isa = PBXGroup;
			children = (
				21D34D7A2D93DB420025979F /* View */,
			);
			path = WordGame;
			sourceTree = "<group>";
		};
		21D34D7A2D93DB420025979F /* View */ = {
			isa = PBXGroup;
			children = (
				21D34D7B2D93DB4D0025979F /* WordGameView.swift */,
			);
			path = View;
			sourceTree = "<group>";
		};
		21F99D452D9463760082DD2D /* Profile */ = {
			isa = PBXGroup;
			children = (
				21F99D462D94637D0082DD2D /* View */,
			);
			path = Profile;
			sourceTree = "<group>";
		};
		21F99D462D94637D0082DD2D /* View */ = {
			isa = PBXGroup;
			children = (
				21F99D472D9463880082DD2D /* ProfileView.swift */,
			);
			path = View;
			sourceTree = "<group>";
		};
		21F99D492D95216C0082DD2D /* Service */ = {
			isa = PBXGroup;
			children = (
				21F99D4A2D9521810082DD2D /* NetworkModel.swift */,
			);
			path = Service;
			sourceTree = "<group>";
		};
/* End PBXGroup section */

/* Begin PBXNativeTarget section */
		2176B89E2D928B6900FFF6C1 /* AppLearnLanguage */ = {
			isa = PBXNativeTarget;
			buildConfigurationList = 2176B8AD2D928B6B00FFF6C1 /* Build configuration list for PBXNativeTarget "AppLearnLanguage" */;
			buildPhases = (
				2176B89B2D928B6900FFF6C1 /* Sources */,
				2176B89C2D928B6900FFF6C1 /* Frameworks */,
				2176B89D2D928B6900FFF6C1 /* Resources */,
				21D34D6D2D9338830025979F /* Embed Frameworks */,
			);
			buildRules = (
			);
			dependencies = (
			);
			name = AppLearnLanguage;
			packageProductDependencies = (
				21F99D432D94481D0082DD2D /* Alamofire */,
			);
			productName = AppLearnLanguage;
			productReference = 2176B89F2D928B6900FFF6C1 /* AppLearnLanguage.app */;
			productType = "com.apple.product-type.application";
		};
		2176B9242D92C19500FFF6C1 /* AppLearnLanguageTests */ = {
			isa = PBXNativeTarget;
			buildConfigurationList = 2176B92B2D92C19500FFF6C1 /* Build configuration list for PBXNativeTarget "AppLearnLanguageTests" */;
			buildPhases = (
				2176B9212D92C19500FFF6C1 /* Sources */,
				2176B9222D92C19500FFF6C1 /* Frameworks */,
				2176B9232D92C19500FFF6C1 /* Resources */,
			);
			buildRules = (
			);
			dependencies = (
				2176B92A2D92C19500FFF6C1 /* PBXTargetDependency */,
			);
			name = AppLearnLanguageTests;
			packageProductDependencies = (
			);
			productName = AppLearnLanguageTests;
			productReference = 2176B9252D92C19500FFF6C1 /* AppLearnLanguageTests.xctest */;
			productType = "com.apple.product-type.bundle.unit-test";
		};
/* End PBXNativeTarget section */

/* Begin PBXProject section */
		2176B8972D928B6900FFF6C1 /* Project object */ = {
			isa = PBXProject;
			attributes = {
				BuildIndependentTargetsInParallel = 1;
				LastSwiftUpdateCheck = 1620;
				LastUpgradeCheck = 1620;
				TargetAttributes = {
					2176B89E2D928B6900FFF6C1 = {
						CreatedOnToolsVersion = 16.2;
					};
					2176B9242D92C19500FFF6C1 = {
						CreatedOnToolsVersion = 16.2;
						TestTargetID = 2176B89E2D928B6900FFF6C1;
					};
				};
			};
			buildConfigurationList = 2176B89A2D928B6900FFF6C1 /* Build configuration list for PBXProject "AppLearnLanguage" */;
			developmentRegion = en;
			hasScannedForEncodings = 0;
			knownRegions = (
				en,
				Base,
				ru,
			);
			mainGroup = 2176B8962D928B6900FFF6C1;
			minimizedProjectReferenceProxies = 1;
			packageReferences = (
				21F99D422D94481D0082DD2D /* XCRemoteSwiftPackageReference "Alamofire" */,
			);
			preferredProjectObjectVersion = 77;
			productRefGroup = 2176B8A02D928B6900FFF6C1 /* Products */;
			projectDirPath = "";
			projectRoot = "";
			targets = (
				2176B89E2D928B6900FFF6C1 /* AppLearnLanguage */,
				2176B9242D92C19500FFF6C1 /* AppLearnLanguageTests */,
			);
		};
/* End PBXProject section */

/* Begin PBXResourcesBuildPhase section */
		2176B89D2D928B6900FFF6C1 /* Resources */ = {
			isa = PBXResourcesBuildPhase;
			buildActionMask = 2147483647;
			files = (
				2176B8B62D928B7000FFF6C1 /* Preview Assets.xcassets in Resources */,
				2176B8FB2D92B3A700FFF6C1 /* Fredoka-Medium.ttf in Resources */,
				2176B9052D92B3A700FFF6C1 /* Fredoka-Light.ttf in Resources */,
				2176B9072D92B3A700FFF6C1 /* Fredoka-Bold.ttf in Resources */,
				2176B9082D92B3A700FFF6C1 /* Fredoka-Regular.ttf in Resources */,
				21A4915E2D940B150049BD16 /* Localizable.strings in Resources */,
				2176B9092D92B3A700FFF6C1 /* Fredoka-SemiBold.ttf in Resources */,
				2176B8B72D928B7000FFF6C1 /* Assets.xcassets in Resources */,
			);
			runOnlyForDeploymentPostprocessing = 0;
		};
		2176B9232D92C19500FFF6C1 /* Resources */ = {
			isa = PBXResourcesBuildPhase;
			buildActionMask = 2147483647;
			files = (
			);
			runOnlyForDeploymentPostprocessing = 0;
		};
/* End PBXResourcesBuildPhase section */

/* Begin PBXSourcesBuildPhase section */
		2176B89B2D928B6900FFF6C1 /* Sources */ = {
			isa = PBXSourcesBuildPhase;
			buildActionMask = 2147483647;
			files = (
				2176B9202D92BE5000FFF6C1 /* UserKey.swift in Sources */,
				2176B91E2D92B9DE00FFF6C1 /* StepView.swift in Sources */,
				21F99D4D2D9526B30082DD2D /* NetworkModifier.swift in Sources */,
				21F99D4B2D9521810082DD2D /* NetworkModel.swift in Sources */,
				2176B8D82D92AE0E00FFF6C1 /* OnboardingViewModel.swift in Sources */,
				2176B8B82D928B7000FFF6C1 /* AppLearnLanguageApp.swift in Sources */,
				21D34D802D93E00B0025979F /* LanguageViewModel.swift in Sources */,
				21D28F952D92FFEC00503022 /* SelectLanguageView.swift in Sources */,
				2176B8B92D928B7000FFF6C1 /* OnboardingView.swift in Sources */,
				21F99D4F2D952E520082DD2D /* NetworkView.swift in Sources */,
				21D34D5D2D9336F20025979F /* QueueModel.swift in Sources */,
				21F99D382D9435C20082DD2D /* CustomTextField.swift in Sources */,
				21D28F982D93003800503022 /* HeaderView.swift in Sources */,
				21D34D7C2D93DB4D0025979F /* WordGameView.swift in Sources */,
				21A491682D9416C10049BD16 /* SignupView.swift in Sources */,
				21F99D412D9443310082DD2D /* PDFKitView.swift in Sources */,
				2176B9172D92B41300FFF6C1 /* View.swift in Sources */,
				21D28F9A2D9309FB00503022 /* Language.swift in Sources */,
				21F99D3F2D943E5E0082DD2D /* SignViewModel.swift in Sources */,
				21F99D3D2D943DFF0082DD2D /* PasswordView.swift in Sources */,
				2176B8D32D92AD0B00FFF6C1 /* Constants.swift in Sources */,
				21A491642D9416830049BD16 /* LoginView.swift in Sources */,
				21F99D482D9463880082DD2D /* ProfileView.swift in Sources */,
				2176B91C2D92B72A00FFF6C1 /* MainButtonStyle.swift in Sources */,
			);
			runOnlyForDeploymentPostprocessing = 0;
		};
		2176B9212D92C19500FFF6C1 /* Sources */ = {
			isa = PBXSourcesBuildPhase;
			buildActionMask = 2147483647;
			files = (
			);
			runOnlyForDeploymentPostprocessing = 0;
		};
/* End PBXSourcesBuildPhase section */

/* Begin PBXTargetDependency section */
		2176B92A2D92C19500FFF6C1 /* PBXTargetDependency */ = {
			isa = PBXTargetDependency;
			target = 2176B89E2D928B6900FFF6C1 /* AppLearnLanguage */;
			targetProxy = 2176B9292D92C19500FFF6C1 /* PBXContainerItemProxy */;
		};
/* End PBXTargetDependency section */

/* Begin PBXVariantGroup section */
		21A4915C2D940B150049BD16 /* Localizable.strings */ = {
			isa = PBXVariantGroup;
			children = (
				21A4915D2D940B150049BD16 /* en */,
				21A4915F2D940B180049BD16 /* ru */,
			);
			name = Localizable.strings;
			sourceTree = "<group>";
		};
/* End PBXVariantGroup section */

/* Begin XCBuildConfiguration section */
		2176B8AB2D928B6B00FFF6C1 /* Debug */ = {
			isa = XCBuildConfiguration;
			buildSettings = {
				ALWAYS_SEARCH_USER_PATHS = NO;
				ASSETCATALOG_COMPILER_GENERATE_SWIFT_ASSET_SYMBOL_EXTENSIONS = YES;
				CLANG_ANALYZER_NONNULL = YES;
				CLANG_ANALYZER_NUMBER_OBJECT_CONVERSION = YES_AGGRESSIVE;
				CLANG_CXX_LANGUAGE_STANDARD = "gnu++20";
				CLANG_ENABLE_MODULES = YES;
				CLANG_ENABLE_OBJC_ARC = YES;
				CLANG_ENABLE_OBJC_WEAK = YES;
				CLANG_WARN_BLOCK_CAPTURE_AUTORELEASING = YES;
				CLANG_WARN_BOOL_CONVERSION = YES;
				CLANG_WARN_COMMA = YES;
				CLANG_WARN_CONSTANT_CONVERSION = YES;
				CLANG_WARN_DEPRECATED_OBJC_IMPLEMENTATIONS = YES;
				CLANG_WARN_DIRECT_OBJC_ISA_USAGE = YES_ERROR;
				CLANG_WARN_DOCUMENTATION_COMMENTS = YES;
				CLANG_WARN_EMPTY_BODY = YES;
				CLANG_WARN_ENUM_CONVERSION = YES;
				CLANG_WARN_INFINITE_RECURSION = YES;
				CLANG_WARN_INT_CONVERSION = YES;
				CLANG_WARN_NON_LITERAL_NULL_CONVERSION = YES;
				CLANG_WARN_OBJC_IMPLICIT_RETAIN_SELF = YES;
				CLANG_WARN_OBJC_LITERAL_CONVERSION = YES;
				CLANG_WARN_OBJC_ROOT_CLASS = YES_ERROR;
				CLANG_WARN_QUOTED_INCLUDE_IN_FRAMEWORK_HEADER = YES;
				CLANG_WARN_RANGE_LOOP_ANALYSIS = YES;
				CLANG_WARN_STRICT_PROTOTYPES = YES;
				CLANG_WARN_SUSPICIOUS_MOVE = YES;
				CLANG_WARN_UNGUARDED_AVAILABILITY = YES_AGGRESSIVE;
				CLANG_WARN_UNREACHABLE_CODE = YES;
				CLANG_WARN__DUPLICATE_METHOD_MATCH = YES;
				COPY_PHASE_STRIP = NO;
				DEBUG_INFORMATION_FORMAT = dwarf;
				ENABLE_STRICT_OBJC_MSGSEND = YES;
				ENABLE_TESTABILITY = YES;
				ENABLE_USER_SCRIPT_SANDBOXING = YES;
				GCC_C_LANGUAGE_STANDARD = gnu17;
				GCC_DYNAMIC_NO_PIC = NO;
				GCC_NO_COMMON_BLOCKS = YES;
				GCC_OPTIMIZATION_LEVEL = 0;
				GCC_PREPROCESSOR_DEFINITIONS = (
					"DEBUG=1",
					"$(inherited)",
				);
				GCC_WARN_64_TO_32_BIT_CONVERSION = YES;
				GCC_WARN_ABOUT_RETURN_TYPE = YES_ERROR;
				GCC_WARN_UNDECLARED_SELECTOR = YES;
				GCC_WARN_UNINITIALIZED_AUTOS = YES_AGGRESSIVE;
				GCC_WARN_UNUSED_FUNCTION = YES;
				GCC_WARN_UNUSED_VARIABLE = YES;
				IPHONEOS_DEPLOYMENT_TARGET = 17.6;
				LOCALIZATION_PREFERS_STRING_CATALOGS = YES;
				MTL_ENABLE_DEBUG_INFO = INCLUDE_SOURCE;
				MTL_FAST_MATH = YES;
				ONLY_ACTIVE_ARCH = YES;
				SDKROOT = iphoneos;
				SWIFT_ACTIVE_COMPILATION_CONDITIONS = "DEBUG $(inherited)";
				SWIFT_OPTIMIZATION_LEVEL = "-Onone";
			};
			name = Debug;
		};
		2176B8AC2D928B6B00FFF6C1 /* Release */ = {
			isa = XCBuildConfiguration;
			buildSettings = {
				ALWAYS_SEARCH_USER_PATHS = NO;
				ASSETCATALOG_COMPILER_GENERATE_SWIFT_ASSET_SYMBOL_EXTENSIONS = YES;
				CLANG_ANALYZER_NONNULL = YES;
				CLANG_ANALYZER_NUMBER_OBJECT_CONVERSION = YES_AGGRESSIVE;
				CLANG_CXX_LANGUAGE_STANDARD = "gnu++20";
				CLANG_ENABLE_MODULES = YES;
				CLANG_ENABLE_OBJC_ARC = YES;
				CLANG_ENABLE_OBJC_WEAK = YES;
				CLANG_WARN_BLOCK_CAPTURE_AUTORELEASING = YES;
				CLANG_WARN_BOOL_CONVERSION = YES;
				CLANG_WARN_COMMA = YES;
				CLANG_WARN_CONSTANT_CONVERSION = YES;
				CLANG_WARN_DEPRECATED_OBJC_IMPLEMENTATIONS = YES;
				CLANG_WARN_DIRECT_OBJC_ISA_USAGE = YES_ERROR;
				CLANG_WARN_DOCUMENTATION_COMMENTS = YES;
				CLANG_WARN_EMPTY_BODY = YES;
				CLANG_WARN_ENUM_CONVERSION = YES;
				CLANG_WARN_INFINITE_RECURSION = YES;
				CLANG_WARN_INT_CONVERSION = YES;
				CLANG_WARN_NON_LITERAL_NULL_CONVERSION = YES;
				CLANG_WARN_OBJC_IMPLICIT_RETAIN_SELF = YES;
				CLANG_WARN_OBJC_LITERAL_CONVERSION = YES;
				CLANG_WARN_OBJC_ROOT_CLASS = YES_ERROR;
				CLANG_WARN_QUOTED_INCLUDE_IN_FRAMEWORK_HEADER = YES;
				CLANG_WARN_RANGE_LOOP_ANALYSIS = YES;
				CLANG_WARN_STRICT_PROTOTYPES = YES;
				CLANG_WARN_SUSPICIOUS_MOVE = YES;
				CLANG_WARN_UNGUARDED_AVAILABILITY = YES_AGGRESSIVE;
				CLANG_WARN_UNREACHABLE_CODE = YES;
				CLANG_WARN__DUPLICATE_METHOD_MATCH = YES;
				COPY_PHASE_STRIP = NO;
				DEBUG_INFORMATION_FORMAT = "dwarf-with-dsym";
				ENABLE_NS_ASSERTIONS = NO;
				ENABLE_STRICT_OBJC_MSGSEND = YES;
				ENABLE_USER_SCRIPT_SANDBOXING = YES;
				GCC_C_LANGUAGE_STANDARD = gnu17;
				GCC_NO_COMMON_BLOCKS = YES;
				GCC_WARN_64_TO_32_BIT_CONVERSION = YES;
				GCC_WARN_ABOUT_RETURN_TYPE = YES_ERROR;
				GCC_WARN_UNDECLARED_SELECTOR = YES;
				GCC_WARN_UNINITIALIZED_AUTOS = YES_AGGRESSIVE;
				GCC_WARN_UNUSED_FUNCTION = YES;
				GCC_WARN_UNUSED_VARIABLE = YES;
				IPHONEOS_DEPLOYMENT_TARGET = 17.6;
				LOCALIZATION_PREFERS_STRING_CATALOGS = YES;
				MTL_ENABLE_DEBUG_INFO = NO;
				MTL_FAST_MATH = YES;
				SDKROOT = iphoneos;
				SWIFT_COMPILATION_MODE = wholemodule;
				VALIDATE_PRODUCT = YES;
			};
			name = Release;
		};
		2176B8AE2D928B6B00FFF6C1 /* Debug */ = {
			isa = XCBuildConfiguration;
			buildSettings = {
				ASSETCATALOG_COMPILER_APPICON_NAME = AppIcon;
				ASSETCATALOG_COMPILER_GLOBAL_ACCENT_COLOR_NAME = AccentColor;
				CODE_SIGN_STYLE = Automatic;
				CURRENT_PROJECT_VERSION = 1;
				DEVELOPMENT_ASSET_PATHS = "\"AppLearnLanguage/Preview Content\"";
				DEVELOPMENT_TEAM = 74A6F279YB;
				ENABLE_PREVIEWS = YES;
				GENERATE_INFOPLIST_FILE = YES;
				INFOPLIST_FILE = AppLearnLanguage/Info.plist;
				INFOPLIST_KEY_UIApplicationSceneManifest_Generation = YES;
				INFOPLIST_KEY_UIApplicationSupportsIndirectInputEvents = YES;
				INFOPLIST_KEY_UILaunchScreen_Generation = YES;
				INFOPLIST_KEY_UISupportedInterfaceOrientations_iPad = "UIInterfaceOrientationPortrait UIInterfaceOrientationPortraitUpsideDown UIInterfaceOrientationLandscapeLeft UIInterfaceOrientationLandscapeRight";
				INFOPLIST_KEY_UISupportedInterfaceOrientations_iPhone = "UIInterfaceOrientationPortrait UIInterfaceOrientationLandscapeLeft UIInterfaceOrientationLandscapeRight";
				IPHONEOS_DEPLOYMENT_TARGET = 17.6;
				LD_RUNPATH_SEARCH_PATHS = (
					"$(inherited)",
					"@executable_path/Frameworks",
				);
				MARKETING_VERSION = 1.0;
				PRODUCT_BUNDLE_IDENTIFIER = verdx.AppLearnLanguage;
				PRODUCT_NAME = "$(TARGET_NAME)";
				SWIFT_EMIT_LOC_STRINGS = YES;
				SWIFT_VERSION = 5.0;
				TARGETED_DEVICE_FAMILY = "1,2";
			};
			name = Debug;
		};
		2176B8AF2D928B6B00FFF6C1 /* Release */ = {
			isa = XCBuildConfiguration;
			buildSettings = {
				ASSETCATALOG_COMPILER_APPICON_NAME = AppIcon;
				ASSETCATALOG_COMPILER_GLOBAL_ACCENT_COLOR_NAME = AccentColor;
				CODE_SIGN_STYLE = Automatic;
				CURRENT_PROJECT_VERSION = 1;
				DEVELOPMENT_ASSET_PATHS = "\"AppLearnLanguage/Preview Content\"";
				DEVELOPMENT_TEAM = 74A6F279YB;
				ENABLE_PREVIEWS = YES;
				GENERATE_INFOPLIST_FILE = YES;
				INFOPLIST_FILE = AppLearnLanguage/Info.plist;
				INFOPLIST_KEY_UIApplicationSceneManifest_Generation = YES;
				INFOPLIST_KEY_UIApplicationSupportsIndirectInputEvents = YES;
				INFOPLIST_KEY_UILaunchScreen_Generation = YES;
				INFOPLIST_KEY_UISupportedInterfaceOrientations_iPad = "UIInterfaceOrientationPortrait UIInterfaceOrientationPortraitUpsideDown UIInterfaceOrientationLandscapeLeft UIInterfaceOrientationLandscapeRight";
				INFOPLIST_KEY_UISupportedInterfaceOrientations_iPhone = "UIInterfaceOrientationPortrait UIInterfaceOrientationLandscapeLeft UIInterfaceOrientationLandscapeRight";
				IPHONEOS_DEPLOYMENT_TARGET = 17.6;
				LD_RUNPATH_SEARCH_PATHS = (
					"$(inherited)",
					"@executable_path/Frameworks",
				);
				MARKETING_VERSION = 1.0;
				PRODUCT_BUNDLE_IDENTIFIER = verdx.AppLearnLanguage;
				PRODUCT_NAME = "$(TARGET_NAME)";
				SWIFT_EMIT_LOC_STRINGS = YES;
				SWIFT_VERSION = 5.0;
				TARGETED_DEVICE_FAMILY = "1,2";
			};
			name = Release;
		};
		2176B92C2D92C19500FFF6C1 /* Debug */ = {
			isa = XCBuildConfiguration;
			buildSettings = {
				BUNDLE_LOADER = "$(TEST_HOST)";
				CODE_SIGN_STYLE = Automatic;
				CURRENT_PROJECT_VERSION = 1;
				DEVELOPMENT_TEAM = 74A6F279YB;
				GENERATE_INFOPLIST_FILE = YES;
				MARKETING_VERSION = 1.0;
				PRODUCT_BUNDLE_IDENTIFIER = verdx.AppLearnLanguageTests;
				PRODUCT_NAME = "$(TARGET_NAME)";
				SWIFT_EMIT_LOC_STRINGS = NO;
				SWIFT_VERSION = 5.0;
				TARGETED_DEVICE_FAMILY = "1,2";
				TEST_HOST = "$(BUILT_PRODUCTS_DIR)/AppLearnLanguage.app/$(BUNDLE_EXECUTABLE_FOLDER_PATH)/AppLearnLanguage";
			};
			name = Debug;
		};
		2176B92D2D92C19500FFF6C1 /* Release */ = {
			isa = XCBuildConfiguration;
			buildSettings = {
				BUNDLE_LOADER = "$(TEST_HOST)";
				CODE_SIGN_STYLE = Automatic;
				CURRENT_PROJECT_VERSION = 1;
				DEVELOPMENT_TEAM = 74A6F279YB;
				GENERATE_INFOPLIST_FILE = YES;
				MARKETING_VERSION = 1.0;
				PRODUCT_BUNDLE_IDENTIFIER = verdx.AppLearnLanguageTests;
				PRODUCT_NAME = "$(TARGET_NAME)";
				SWIFT_EMIT_LOC_STRINGS = NO;
				SWIFT_VERSION = 5.0;
				TARGETED_DEVICE_FAMILY = "1,2";
				TEST_HOST = "$(BUILT_PRODUCTS_DIR)/AppLearnLanguage.app/$(BUNDLE_EXECUTABLE_FOLDER_PATH)/AppLearnLanguage";
			};
			name = Release;
		};
/* End XCBuildConfiguration section */

/* Begin XCConfigurationList section */
		2176B89A2D928B6900FFF6C1 /* Build configuration list for PBXProject "AppLearnLanguage" */ = {
			isa = XCConfigurationList;
			buildConfigurations = (
				2176B8AB2D928B6B00FFF6C1 /* Debug */,
				2176B8AC2D928B6B00FFF6C1 /* Release */,
			);
			defaultConfigurationIsVisible = 0;
			defaultConfigurationName = Release;
		};
		2176B8AD2D928B6B00FFF6C1 /* Build configuration list for PBXNativeTarget "AppLearnLanguage" */ = {
			isa = XCConfigurationList;
			buildConfigurations = (
				2176B8AE2D928B6B00FFF6C1 /* Debug */,
				2176B8AF2D928B6B00FFF6C1 /* Release */,
			);
			defaultConfigurationIsVisible = 0;
			defaultConfigurationName = Release;
		};
		2176B92B2D92C19500FFF6C1 /* Build configuration list for PBXNativeTarget "AppLearnLanguageTests" */ = {
			isa = XCConfigurationList;
			buildConfigurations = (
				2176B92C2D92C19500FFF6C1 /* Debug */,
				2176B92D2D92C19500FFF6C1 /* Release */,
			);
			defaultConfigurationIsVisible = 0;
			defaultConfigurationName = Release;
		};
/* End XCConfigurationList section */

/* Begin XCRemoteSwiftPackageReference section */
		21F99D422D94481D0082DD2D /* XCRemoteSwiftPackageReference "Alamofire" */ = {
			isa = XCRemoteSwiftPackageReference;
			repositoryURL = "https://github.com/Alamofire/Alamofire.git";
			requirement = {
				kind = upToNextMajorVersion;
				minimumVersion = 5.10.2;
			};
		};
/* End XCRemoteSwiftPackageReference section */

/* Begin XCSwiftPackageProductDependency section */
		21F99D432D94481D0082DD2D /* Alamofire */ = {
			isa = XCSwiftPackageProductDependency;
			package = 21F99D422D94481D0082DD2D /* XCRemoteSwiftPackageReference "Alamofire" */;
			productName = Alamofire;
		};
/* End XCSwiftPackageProductDependency section */
	};
	rootObject = 2176B8972D928B6900FFF6C1 /* Project object */;
}
